
Microsoft Visual Studio Solution File, Format Version 12.00
# Visual Studio Version 16
VisualStudioVersion = 16.0.30717.126
MinimumVisualStudioVersion = 10.0.40219.1
Project("{8BC9CEB8-8B4A-11D0-8D11-00A0C91BC942}") = "code", "code\code.vcxproj", "{39299A8F-8893-4AA3-BC12-C6C0FB78F9FC}"
EndProject
Project("{8BC9CEB8-8B4A-11D0-8D11-00A0C91BC942}") = "list", "list\list.vcxproj", "{9A87F61F-5599-425A-AED3-5F4E32D88815}"
EndProject
Project("{8BC9CEB8-8B4A-11D0-8D11-00A0C91BC942}") = "array", "array\array.vcxproj", "{45E74B45-B394-4F45-99EE-DFC2C4F9F90A}"
EndProject
Project("{8BC9CEB8-8B4A-11D0-8D11-00A0C91BC942}") = "stl", "stl\stl.vcxproj", "{E436C7B1-E1C7-4D3E-B616-16BBF7FCA06F}"
EndProject
Project("{8BC9CEB8-8B4A-11D0-8D11-00A0C91BC942}") = "dp", "dp\dp.vcxproj", "{FC2DAB85-C475-4E73-946F-DE96413FC311}"
EndProject
Global
	GlobalSection(SolutionConfigurationPlatforms) = preSolution
		Debug|x64 = Debug|x64
		Debug|x86 = Debug|x86
		Release|x64 = Release|x64
		Release|x86 = Release|x86
	EndGlobalSection
	GlobalSection(ProjectConfigurationPlatforms) = postSolution
		{39299A8F-8893-4AA3-BC12-C6C0FB78F9FC}.Debug|x64.ActiveCfg = Debug|x64
		{39299A8F-8893-4AA3-BC12-C6C0FB78F9FC}.Debug|x64.Build.0 = Debug|x64
		{39299A8F-8893-4AA3-BC12-C6C0FB78F9FC}.Debug|x86.ActiveCfg = Debug|Win32
		{39299A8F-8893-4AA3-BC12-C6C0FB78F9FC}.Debug|x86.Build.0 = Debug|Win32
		{39299A8F-8893-4AA3-BC12-C6C0FB78F9FC}.Release|x64.ActiveCfg = Release|x64
		{39299A8F-8893-4AA3-BC12-C6C0FB78F9FC}.Release|x64.Build.0 = Release|x64
		{39299A8F-8893-4AA3-BC12-C6C0FB78F9FC}.Release|x86.ActiveCfg = Release|Win32
		{39299A8F-8893-4AA3-BC12-C6C0FB78F9FC}.Release|x86.Build.0 = Release|Win32
		{9A87F61F-5599-425A-AED3-5F4E32D88815}.Debug|x64.ActiveCfg = Debug|x64
		{9A87F61F-5599-425A-AED3-5F4E32D88815}.Debug|x64.Build.0 = Debug|x64
		{9A87F61F-5599-425A-AED3-5F4E32D88815}.Debug|x86.ActiveCfg = Debug|Win32
		{9A87F61F-5599-425A-AED3-5F4E32D88815}.Debug|x86.Build.0 = Debug|Win32
		{9A87F61F-5599-425A-AED3-5F4E32D88815}.Release|x64.ActiveCfg = Release|x64
		{9A87F61F-5599-425A-AED3-5F4E32D88815}.Release|x64.Build.0 = Release|x64
		{9A87F61F-5599-425A-AED3-5F4E32D88815}.Release|x86.ActiveCfg = Release|Win32
		{9A87F61F-5599-425A-AED3-5F4E32D88815}.Release|x86.Build.0 = Release|Win32
		{45E74B45-B394-4F45-99EE-DFC2C4F9F90A}.Debug|x64.ActiveCfg = Debug|x64
		{45E74B45-B394-4F45-99EE-DFC2C4F9F90A}.Debug|x64.Build.0 = Debug|x64
		{45E74B45-B394-4F45-99EE-DFC2C4F9F90A}.Debug|x86.ActiveCfg = Debug|Win32
		{45E74B45-B394-4F45-99EE-DFC2C4F9F90A}.Debug|x86.Build.0 = Debug|Win32
		{45E74B45-B394-4F45-99EE-DFC2C4F9F90A}.Release|x64.ActiveCfg = Release|x64
		{45E74B45-B394-4F45-99EE-DFC2C4F9F90A}.Release|x64.Build.0 = Release|x64
		{45E74B45-B394-4F45-99EE-DFC2C4F9F90A}.Release|x86.ActiveCfg = Release|Win32
		{45E74B45-B394-4F45-99EE-DFC2C4F9F90A}.Release|x86.Build.0 = Release|Win32
		{E436C7B1-E1C7-4D3E-B616-16BBF7FCA06F}.Debug|x64.ActiveCfg = Debug|x64
		{E436C7B1-E1C7-4D3E-B616-16BBF7FCA06F}.Debug|x64.Build.0 = Debug|x64
		{E436C7B1-E1C7-4D3E-B616-16BBF7FCA06F}.Debug|x86.ActiveCfg = Debug|Win32
		{E436C7B1-E1C7-4D3E-B616-16BBF7FCA06F}.Debug|x86.Build.0 = Debug|Win32
		{E436C7B1-E1C7-4D3E-B616-16BBF7FCA06F}.Release|x64.ActiveCfg = Release|x64
		{E436C7B1-E1C7-4D3E-B616-16BBF7FCA06F}.Release|x64.Build.0 = Release|x64
		{E436C7B1-E1C7-4D3E-B616-16BBF7FCA06F}.Release|x86.ActiveCfg = Release|Win32
		{E436C7B1-E1C7-4D3E-B616-16BBF7FCA06F}.Release|x86.Build.0 = Release|Win32
		{FC2DAB85-C475-4E73-946F-DE96413FC311}.Debug|x64.ActiveCfg = Debug|x64
		{FC2DAB85-C475-4E73-946F-DE96413FC311}.Debug|x64.Build.0 = Debug|x64
		{FC2DAB85-C475-4E73-946F-DE96413FC311}.Debug|x86.ActiveCfg = Debug|Win32
		{FC2DAB85-C475-4E73-946F-DE96413FC311}.Debug|x86.Build.0 = Debug|Win32
		{FC2DAB85-C475-4E73-946F-DE96413FC311}.Release|x64.ActiveCfg = Release|x64
		{FC2DAB85-C475-4E73-946F-DE96413FC311}.Release|x64.Build.0 = Release|x64
		{FC2DAB85-C475-4E73-946F-DE96413FC311}.Release|x86.ActiveCfg = Release|Win32
		{FC2DAB85-C475-4E73-946F-DE96413FC311}.Release|x86.Build.0 = Release|Win32
	EndGlobalSection
	GlobalSection(SolutionProperties) = preSolution
		HideSolutionNode = FALSE
	EndGlobalSection
	GlobalSection(ExtensibilityGlobals) = postSolution
		SolutionGuid = {3CDC8964-2378-41AC-9C79-7ED020E8A4D4}
	EndGlobalSection
EndGlobal
